// !$*UTF8*$!
{
	archiveVersion = 1;
	classes = {
	};
	objectVersion = 48;
	objects = {

/* Begin PBXBuildFile section */
		2F946D30206BB5DF00D5DBE6 /* AppDelegate.swift in Sources */ = {isa = PBXBuildFile; fileRef = 2F946D2F206BB5DF00D5DBE6 /* AppDelegate.swift */; };
		2F946D32206BB5DF00D5DBE6 /* ViewController.swift in Sources */ = {isa = PBXBuildFile; fileRef = 2F946D31206BB5DF00D5DBE6 /* ViewController.swift */; };
		2F946D35206BB5DF00D5DBE6 /* Main.storyboard in Resources */ = {isa = PBXBuildFile; fileRef = 2F946D33206BB5DF00D5DBE6 /* Main.storyboard */; };
		2F946D37206BB5DF00D5DBE6 /* Assets.xcassets in Resources */ = {isa = PBXBuildFile; fileRef = 2F946D36206BB5DF00D5DBE6 /* Assets.xcassets */; };
		2F946D3A206BB5DF00D5DBE6 /* LaunchScreen.storyboard in Resources */ = {isa = PBXBuildFile; fileRef = 2F946D38206BB5DF00D5DBE6 /* LaunchScreen.storyboard */; };
		2F946D45206BB5DF00D5DBE6 /* TicTacTriviaTests.swift in Sources */ = {isa = PBXBuildFile; fileRef = 2F946D44206BB5DF00D5DBE6 /* TicTacTriviaTests.swift */; };
		2F946D50206BB5DF00D5DBE6 /* TicTacTriviaUITests.swift in Sources */ = {isa = PBXBuildFile; fileRef = 2F946D4F206BB5DF00D5DBE6 /* TicTacTriviaUITests.swift */; };
/* End PBXBuildFile section */

/* Begin PBXContainerItemProxy section */
		2F946D41206BB5DF00D5DBE6 /* PBXContainerItemProxy */ = {
			isa = PBXContainerItemProxy;
			containerPortal = 2F946D24206BB5DF00D5DBE6 /* Project object */;
			proxyType = 1;
			remoteGlobalIDString = 2F946D2B206BB5DF00D5DBE6;
			remoteInfo = TicTacTrivia;
		};
		2F946D4C206BB5DF00D5DBE6 /* PBXContainerItemProxy */ = {
			isa = PBXContainerItemProxy;
			containerPortal = 2F946D24206BB5DF00D5DBE6 /* Project object */;
			proxyType = 1;
			remoteGlobalIDString = 2F946D2B206BB5DF00D5DBE6;
			remoteInfo = TicTacTrivia;
		};
/* End PBXContainerItemProxy section */

/* Begin PBXFileReference section */
		2F946D2C206BB5DF00D5DBE6 /* TicTacTrivia.app */ = {isa = PBXFileReference; explicitFileType = wrapper.application; includeInIndex = 0; path = TicTacTrivia.app; sourceTree = BUILT_PRODUCTS_DIR; };
		2F946D2F206BB5DF00D5DBE6 /* AppDelegate.swift */ = {isa = PBXFileReference; lastKnownFileType = sourcecode.swift; path = AppDelegate.swift; sourceTree = "<group>"; };
		2F946D31206BB5DF00D5DBE6 /* ViewController.swift */ = {isa = PBXFileReference; lastKnownFileType = sourcecode.swift; path = ViewController.swift; sourceTree = "<group>"; };
		2F946D34206BB5DF00D5DBE6 /* Base */ = {isa = PBXFileReference; lastKnownFileType = file.storyboard; name = Base; path = Base.lproj/Main.storyboard; sourceTree = "<group>"; };
		2F946D36206BB5DF00D5DBE6 /* Assets.xcassets */ = {isa = PBXFileReference; lastKnownFileType = folder.assetcatalog; path = Assets.xcassets; sourceTree = "<group>"; };
		2F946D39206BB5DF00D5DBE6 /* Base */ = {isa = PBXFileReference; lastKnownFileType = file.storyboard; name = Base; path = Base.lproj/LaunchScreen.storyboard; sourceTree = "<group>"; };
		2F946D3B206BB5DF00D5DBE6 /* Info.plist */ = {isa = PBXFileReference; lastKnownFileType = text.plist.xml; path = Info.plist; sourceTree = "<group>"; };
		2F946D40206BB5DF00D5DBE6 /* TicTacTriviaTests.xctest */ = {isa = PBXFileReference; explicitFileType = wrapper.cfbundle; includeInIndex = 0; path = TicTacTriviaTests.xctest; sourceTree = BUILT_PRODUCTS_DIR; };
		2F946D44206BB5DF00D5DBE6 /* TicTacTriviaTests.swift */ = {isa = PBXFileReference; lastKnownFileType = sourcecode.swift; path = TicTacTriviaTests.swift; sourceTree = "<group>"; };
		2F946D46206BB5DF00D5DBE6 /* Info.plist */ = {isa = PBXFileReference; lastKnownFileType = text.plist.xml; path = Info.plist; sourceTree = "<group>"; };
		2F946D4B206BB5DF00D5DBE6 /* TicTacTriviaUITests.xctest */ = {isa = PBXFileReference; explicitFileType = wrapper.cfbundle; includeInIndex = 0; path = TicTacTriviaUITests.xctest; sourceTree = BUILT_PRODUCTS_DIR; };
		2F946D4F206BB5DF00D5DBE6 /* TicTacTriviaUITests.swift */ = {isa = PBXFileReference; lastKnownFileType = sourcecode.swift; path = TicTacTriviaUITests.swift; sourceTree = "<group>"; };
		2F946D51206BB5DF00D5DBE6 /* Info.plist */ = {isa = PBXFileReference; lastKnownFileType = text.plist.xml; path = Info.plist; sourceTree = "<group>"; };
/* End PBXFileReference section */

/* Begin PBXFrameworksBuildPhase section */
		2F946D29206BB5DF00D5DBE6 /* Frameworks */ = {
			isa = PBXFrameworksBuildPhase;
			buildActionMask = 2147483647;
			files = (
			);
			runOnlyForDeploymentPostprocessing = 0;
		};
		2F946D3D206BB5DF00D5DBE6 /* Frameworks */ = {
			isa = PBXFrameworksBuildPhase;
			buildActionMask = 2147483647;
			files = (
			);
			runOnlyForDeploymentPostprocessing = 0;
		};
		2F946D48206BB5DF00D5DBE6 /* Frameworks */ = {
			isa = PBXFrameworksBuildPhase;
			buildActionMask = 2147483647;
			files = (
			);
			runOnlyForDeploymentPostprocessing = 0;
		};
/* End PBXFrameworksBuildPhase section */

/* Begin PBXGroup section */
		2F946D23206BB5DF00D5DBE6 = {
			isa = PBXGroup;
			children = (
				2F946D2E206BB5DF00D5DBE6 /* TicTacTrivia */,
				2F946D43206BB5DF00D5DBE6 /* TicTacTriviaTests */,
				2F946D4E206BB5DF00D5DBE6 /* TicTacTriviaUITests */,
				2F946D2D206BB5DF00D5DBE6 /* Products */,
			);
			sourceTree = "<group>";
		};
		2F946D2D206BB5DF00D5DBE6 /* Products */ = {
			isa = PBXGroup;
			children = (
				2F946D2C206BB5DF00D5DBE6 /* TicTacTrivia.app */,
				2F946D40206BB5DF00D5DBE6 /* TicTacTriviaTests.xctest */,
				2F946D4B206BB5DF00D5DBE6 /* TicTacTriviaUITests.xctest */,
			);
			name = Products;
			sourceTree = "<group>";
		};
		2F946D2E206BB5DF00D5DBE6 /* TicTacTrivia */ = {
			isa = PBXGroup;
			children = (
				2F946D2F206BB5DF00D5DBE6 /* AppDelegate.swift */,
				2F946D31206BB5DF00D5DBE6 /* ViewController.swift */,
				2F946D33206BB5DF00D5DBE6 /* Main.storyboard */,
				2F946D36206BB5DF00D5DBE6 /* Assets.xcassets */,
				2F946D38206BB5DF00D5DBE6 /* LaunchScreen.storyboard */,
				2F946D3B206BB5DF00D5DBE6 /* Info.plist */,
			);
			path = TicTacTrivia;
			sourceTree = "<group>";
		};
		2F946D43206BB5DF00D5DBE6 /* TicTacTriviaTests */ = {
			isa = PBXGroup;
			children = (
				2F946D44206BB5DF00D5DBE6 /* TicTacTriviaTests.swift */,
				2F946D46206BB5DF00D5DBE6 /* Info.plist */,
			);
			path = TicTacTriviaTests;
			sourceTree = "<group>";
		};
		2F946D4E206BB5DF00D5DBE6 /* TicTacTriviaUITests */ = {
			isa = PBXGroup;
			children = (
				2F946D4F206BB5DF00D5DBE6 /* TicTacTriviaUITests.swift */,
				2F946D51206BB5DF00D5DBE6 /* Info.plist */,
			);
			path = TicTacTriviaUITests;
			sourceTree = "<group>";
		};
/* End PBXGroup section */

/* Begin PBXNativeTarget section */
		2F946D2B206BB5DF00D5DBE6 /* TicTacTrivia */ = {
			isa = PBXNativeTarget;
			buildConfigurationList = 2F946D54206BB5DF00D5DBE6 /* Build configuration list for PBXNativeTarget "TicTacTrivia" */;
			buildPhases = (
				2F946D28206BB5DF00D5DBE6 /* Sources */,
				2F946D29206BB5DF00D5DBE6 /* Frameworks */,
				2F946D2A206BB5DF00D5DBE6 /* Resources */,
			);
			buildRules = (
			);
			dependencies = (
			);
			name = TicTacTrivia;
			productName = TicTacTrivia;
			productReference = 2F946D2C206BB5DF00D5DBE6 /* TicTacTrivia.app */;
			productType = "com.apple.product-type.application";
		};
		2F946D3F206BB5DF00D5DBE6 /* TicTacTriviaTests */ = {
			isa = PBXNativeTarget;
			buildConfigurationList = 2F946D57206BB5DF00D5DBE6 /* Build configuration list for PBXNativeTarget "TicTacTriviaTests" */;
			buildPhases = (
				2F946D3C206BB5DF00D5DBE6 /* Sources */,
				2F946D3D206BB5DF00D5DBE6 /* Frameworks */,
				2F946D3E206BB5DF00D5DBE6 /* Resources */,
			);
			buildRules = (
			);
			dependencies = (
				2F946D42206BB5DF00D5DBE6 /* PBXTargetDependency */,
			);
			name = TicTacTriviaTests;
			productName = TicTacTriviaTests;
			productReference = 2F946D40206BB5DF00D5DBE6 /* TicTacTriviaTests.xctest */;
			productType = "com.apple.product-type.bundle.unit-test";
		};
		2F946D4A206BB5DF00D5DBE6 /* TicTacTriviaUITests */ = {
			isa = PBXNativeTarget;
			buildConfigurationList = 2F946D5A206BB5DF00D5DBE6 /* Build configuration list for PBXNativeTarget "TicTacTriviaUITests" */;
			buildPhases = (
				2F946D47206BB5DF00D5DBE6 /* Sources */,
				2F946D48206BB5DF00D5DBE6 /* Frameworks */,
				2F946D49206BB5DF00D5DBE6 /* Resources */,
			);
			buildRules = (
			);
			dependencies = (
				2F946D4D206BB5DF00D5DBE6 /* PBXTargetDependency */,
			);
			name = TicTacTriviaUITests;
			productName = TicTacTriviaUITests;
			productReference = 2F946D4B206BB5DF00D5DBE6 /* TicTacTriviaUITests.xctest */;
			productType = "com.apple.product-type.bundle.ui-testing";
		};
/* End PBXNativeTarget section */

/* Begin PBXProject section */
		2F946D24206BB5DF00D5DBE6 /* Project object */ = {
			isa = PBXProject;
			attributes = {
				LastSwiftUpdateCheck = 0920;
				LastUpgradeCheck = 0920;
				ORGANIZATIONNAME = Nijo;
				TargetAttributes = {
					2F946D2B206BB5DF00D5DBE6 = {
						CreatedOnToolsVersion = 9.2;
						ProvisioningStyle = Automatic;
					};
					2F946D3F206BB5DF00D5DBE6 = {
						CreatedOnToolsVersion = 9.2;
						ProvisioningStyle = Automatic;
						TestTargetID = 2F946D2B206BB5DF00D5DBE6;
					};
					2F946D4A206BB5DF00D5DBE6 = {
						CreatedOnToolsVersion = 9.2;
						ProvisioningStyle = Automatic;
						TestTargetID = 2F946D2B206BB5DF00D5DBE6;
					};
				};
			};
			buildConfigurationList = 2F946D27206BB5DF00D5DBE6 /* Build configuration list for PBXProject "TicTacTrivia" */;
			compatibilityVersion = "Xcode 8.0";
			developmentRegion = en;
			hasScannedForEncodings = 0;
			knownRegions = (
				en,
				Base,
			);
			mainGroup = 2F946D23206BB5DF00D5DBE6;
			productRefGroup = 2F946D2D206BB5DF00D5DBE6 /* Products */;
			projectDirPath = "";
			projectRoot = "";
			targets = (
				2F946D2B206BB5DF00D5DBE6 /* TicTacTrivia */,
				2F946D3F206BB5DF00D5DBE6 /* TicTacTriviaTests */,
				2F946D4A206BB5DF00D5DBE6 /* TicTacTriviaUITests */,
			);
		};
/* End PBXProject section */

/* Begin PBXResourcesBuildPhase section */
		2F946D2A206BB5DF00D5DBE6 /* Resources */ = {
			isa = PBXResourcesBuildPhase;
			buildActionMask = 2147483647;
			files = (
				2F946D3A206BB5DF00D5DBE6 /* LaunchScreen.storyboard in Resources */,
				2F946D37206BB5DF00D5DBE6 /* Assets.xcassets in Resources */,
				2F946D35206BB5DF00D5DBE6 /* Main.storyboard in Resources */,
			);
			runOnlyForDeploymentPostprocessing = 0;
		};
		2F946D3E206BB5DF00D5DBE6 /* Resources */ = {
			isa = PBXResourcesBuildPhase;
			buildActionMask = 2147483647;
			files = (
			);
			runOnlyForDeploymentPostprocessing = 0;
		};
		2F946D49206BB5DF00D5DBE6 /* Resources */ = {
			isa = PBXResourcesBuildPhase;
			buildActionMask = 2147483647;
			files = (
			);
			runOnlyForDeploymentPostprocessing = 0;
		};
/* End PBXResourcesBuildPhase section */

/* Begin PBXSourcesBuildPhase section */
		2F946D28206BB5DF00D5DBE6 /* Sources */ = {
			isa = PBXSourcesBuildPhase;
			buildActionMask = 2147483647;
			files = (
				2F946D32206BB5DF00D5DBE6 /* ViewController.swift in Sources */,
				2F946D30206BB5DF00D5DBE6 /* AppDelegate.swift in Sources */,
			);
			runOnlyForDeploymentPostprocessing = 0;
		};
		2F946D3C206BB5DF00D5DBE6 /* Sources */ = {
			isa = PBXSourcesBuildPhase;
			buildActionMask = 2147483647;
			files = (
				2F946D45206BB5DF00D5DBE6 /* TicTacTriviaTests.swift in Sources */,
			);
			runOnlyForDeploymentPostprocessing = 0;
		};
		2F946D47206BB5DF00D5DBE6 /* Sources */ = {
			isa = PBXSourcesBuildPhase;
			buildActionMask = 2147483647;
			files = (
				2F946D50206BB5DF00D5DBE6 /* TicTacTriviaUITests.swift in Sources */,
			);
			runOnlyForDeploymentPostprocessing = 0;
		};
/* End PBXSourcesBuildPhase section */

/* Begin PBXTargetDependency section */
		2F946D42206BB5DF00D5DBE6 /* PBXTargetDependency */ = {
			isa = PBXTargetDependency;
			target = 2F946D2B206BB5DF00D5DBE6 /* TicTacTrivia */;
			targetProxy = 2F946D41206BB5DF00D5DBE6 /* PBXContainerItemProxy */;
		};
		2F946D4D206BB5DF00D5DBE6 /* PBXTargetDependency */ = {
			isa = PBXTargetDependency;
			target = 2F946D2B206BB5DF00D5DBE6 /* TicTacTrivia */;
			targetProxy = 2F946D4C206BB5DF00D5DBE6 /* PBXContainerItemProxy */;
		};
/* End PBXTargetDependency section */

/* Begin PBXVariantGroup section */
		2F946D33206BB5DF00D5DBE6 /* Main.storyboard */ = {
			isa = PBXVariantGroup;
			children = (
				2F946D34206BB5DF00D5DBE6 /* Base */,
			);
			name = Main.storyboard;
			sourceTree = "<group>";
		};
		2F946D38206BB5DF00D5DBE6 /* LaunchScreen.storyboard */ = {
			isa = PBXVariantGroup;
			children = (
				2F946D39206BB5DF00D5DBE6 /* Base */,
			);
			name = LaunchScreen.storyboard;
			sourceTree = "<group>";
		};
/* End PBXVariantGroup section */

/* Begin XCBuildConfiguration section */
		2F946D52206BB5DF00D5DBE6 /* Debug */ = {
			isa = XCBuildConfiguration;
			buildSettings = {
				ALWAYS_SEARCH_USER_PATHS = NO;
				CLANG_ANALYZER_NONNULL = YES;
				CLANG_ANALYZER_NUMBER_OBJECT_CONVERSION = YES_AGGRESSIVE;
				CLANG_CXX_LANGUAGE_STANDARD = "gnu++14";
				CLANG_CXX_LIBRARY = "libc++";
				CLANG_ENABLE_MODULES = YES;
				CLANG_ENABLE_OBJC_ARC = YES;
				CLANG_WARN_BLOCK_CAPTURE_AUTORELEASING = YES;
				CLANG_WARN_BOOL_CONVERSION = YES;
				CLANG_WARN_COMMA = YES;
				CLANG_WARN_CONSTANT_CONVERSION = YES;
				CLANG_WARN_DIRECT_OBJC_ISA_USAGE = YES_ERROR;
				CLANG_WARN_DOCUMENTATION_COMMENTS = YES;
				CLANG_WARN_EMPTY_BODY = YES;
				CLANG_WARN_ENUM_CONVERSION = YES;
				CLANG_WARN_INFINITE_RECURSION = YES;
				CLANG_WARN_INT_CONVERSION = YES;
				CLANG_WARN_NON_LITERAL_NULL_CONVERSION = YES;
				CLANG_WARN_OBJC_LITERAL_CONVERSION = YES;
				CLANG_WARN_OBJC_ROOT_CLASS = YES_ERROR;
				CLANG_WARN_RANGE_LOOP_ANALYSIS = YES;
				CLANG_WARN_STRICT_PROTOTYPES = YES;
				CLANG_WARN_SUSPICIOUS_MOVE = YES;
				CLANG_WARN_UNGUARDED_AVAILABILITY = YES_AGGRESSIVE;
				CLANG_WARN_UNREACHABLE_CODE = YES;
				CLANG_WARN__DUPLICATE_METHOD_MATCH = YES;
				CODE_SIGN_IDENTITY = "iPhone Developer";
				COPY_PHASE_STRIP = NO;
				DEBUG_INFORMATION_FORMAT = dwarf;
				ENABLE_STRICT_OBJC_MSGSEND = YES;
				ENABLE_TESTABILITY = YES;
				GCC_C_LANGUAGE_STANDARD = gnu11;
				GCC_DYNAMIC_NO_PIC = NO;
				GCC_NO_COMMON_BLOCKS = YES;
				GCC_OPTIMIZATION_LEVEL = 0;
				GCC_PREPROCESSOR_DEFINITIONS = (
					"DEBUG=1",
					"$(inherited)",
				);
				GCC_WARN_64_TO_32_BIT_CONVERSION = YES;
				GCC_WARN_ABOUT_RETURN_TYPE = YES_ERROR;
				GCC_WARN_UNDECLARED_SELECTOR = YES;
				GCC_WARN_UNINITIALIZED_AUTOS = YES_AGGRESSIVE;
				GCC_WARN_UNUSED_FUNCTION = YES;
				GCC_WARN_UNUSED_VARIABLE = YES;
				IPHONEOS_DEPLOYMENT_TARGET = 11.2;
				MTL_ENABLE_DEBUG_INFO = YES;
				ONLY_ACTIVE_ARCH = YES;
				SDKROOT = iphoneos;
				SWIFT_ACTIVE_COMPILATION_CONDITIONS = DEBUG;
				SWIFT_OPTIMIZATION_LEVEL = "-Onone";
			};
			name = Debug;
		};
		2F946D53206BB5DF00D5DBE6 /* Release */ = {
			isa = XCBuildConfiguration;
			buildSettings = {
				ALWAYS_SEARCH_USER_PATHS = NO;
				CLANG_ANALYZER_NONNULL = YES;
				CLANG_ANALYZER_NUMBER_OBJECT_CONVERSION = YES_AGGRESSIVE;
				CLANG_CXX_LANGUAGE_STANDARD = "gnu++14";
				CLANG_CXX_LIBRARY = "libc++";
				CLANG_ENABLE_MODULES = YES;
				CLANG_ENABLE_OBJC_ARC = YES;
				CLANG_WARN_BLOCK_CAPTURE_AUTORELEASING = YES;
				CLANG_WARN_BOOL_CONVERSION = YES;
				CLANG_WARN_COMMA = YES;
				CLANG_WARN_CONSTANT_CONVERSION = YES;
				CLANG_WARN_DIRECT_OBJC_ISA_USAGE = YES_ERROR;
				CLANG_WARN_DOCUMENTATION_COMMENTS = YES;
				CLANG_WARN_EMPTY_BODY = YES;
				CLANG_WARN_ENUM_CONVERSION = YES;
				CLANG_WARN_INFINITE_RECURSION = YES;
				CLANG_WARN_INT_CONVERSION = YES;
				CLANG_WARN_NON_LITERAL_NULL_CONVERSION = YES;
				CLANG_WARN_OBJC_LITERAL_CONVERSION = YES;
				CLANG_WARN_OBJC_ROOT_CLASS = YES_ERROR;
				CLANG_WARN_RANGE_LOOP_ANALYSIS = YES;
				CLANG_WARN_STRICT_PROTOTYPES = YES;
				CLANG_WARN_SUSPICIOUS_MOVE = YES;
				CLANG_WARN_UNGUARDED_AVAILABILITY = YES_AGGRESSIVE;
				CLANG_WARN_UNREACHABLE_CODE = YES;
				CLANG_WARN__DUPLICATE_METHOD_MATCH = YES;
				CODE_SIGN_IDENTITY = "iPhone Developer";
				COPY_PHASE_STRIP = NO;
				DEBUG_INFORMATION_FORMAT = "dwarf-with-dsym";
				ENABLE_NS_ASSERTIONS = NO;
				ENABLE_STRICT_OBJC_MSGSEND = YES;
				GCC_C_LANGUAGE_STANDARD = gnu11;
				GCC_NO_COMMON_BLOCKS = YES;
				GCC_WARN_64_TO_32_BIT_CONVERSION = YES;
				GCC_WARN_ABOUT_RETURN_TYPE = YES_ERROR;
				GCC_WARN_UNDECLARED_SELECTOR = YES;
				GCC_WARN_UNINITIALIZED_AUTOS = YES_AGGRESSIVE;
				GCC_WARN_UNUSED_FUNCTION = YES;
				GCC_WARN_UNUSED_VARIABLE = YES;
				IPHONEOS_DEPLOYMENT_TARGET = 11.2;
				MTL_ENABLE_DEBUG_INFO = NO;
				SDKROOT = iphoneos;
				SWIFT_OPTIMIZATION_LEVEL = "-Owholemodule";
				VALIDATE_PRODUCT = YES;
			};
			name = Release;
		};
		2F946D55206BB5DF00D5DBE6 /* Debug */ = {
			isa = XCBuildConfiguration;
			buildSettings = {
				ASSETCATALOG_COMPILER_APPICON_NAME = AppIcon;
				CODE_SIGN_STYLE = Automatic;
				INFOPLIST_FILE = TicTacTrivia/Info.plist;
				LD_RUNPATH_SEARCH_PATHS = "$(inherited) @executable_path/Frameworks";
				PRODUCT_BUNDLE_IDENTIFIER = com.Nijo.TicTacTrivia;
				PRODUCT_NAME = "$(TARGET_NAME)";
				SWIFT_VERSION = 4.0;
				TARGETED_DEVICE_FAMILY = "1,2";
			};
			name = Debug;
		};
		2F946D56206BB5DF00D5DBE6 /* Release */ = {
			isa = XCBuildConfiguration;
			buildSettings = {
				ASSETCATALOG_COMPILER_APPICON_NAME = AppIcon;
				CODE_SIGN_STYLE = Automatic;
				INFOPLIST_FILE = TicTacTrivia/Info.plist;
				LD_RUNPATH_SEARCH_PATHS = "$(inherited) @executable_path/Frameworks";
				PRODUCT_BUNDLE_IDENTIFIER = com.Nijo.TicTacTrivia;
				PRODUCT_NAME = "$(TARGET_NAME)";
				SWIFT_VERSION = 4.0;
				TARGETED_DEVICE_FAMILY = "1,2";
			};
			name = Release;
		};
		2F946D58206BB5DF00D5DBE6 /* Debug */ = {
			isa = XCBuildConfiguration;
			buildSettings = {
				ALWAYS_EMBED_SWIFT_STANDARD_LIBRARIES = YES;
				BUNDLE_LOADER = "$(TEST_HOST)";
				CODE_SIGN_STYLE = Automatic;
				INFOPLIST_FILE = TicTacTriviaTests/Info.plist;
				LD_RUNPATH_SEARCH_PATHS = "$(inherited) @executable_path/Frameworks @loader_path/Frameworks";
				PRODUCT_BUNDLE_IDENTIFIER = com.Nijo.TicTacTriviaTests;
				PRODUCT_NAME = "$(TARGET_NAME)";
				SWIFT_VERSION = 4.0;
				TARGETED_DEVICE_FAMILY = "1,2";
				TEST_HOST = "$(BUILT_PRODUCTS_DIR)/TicTacTrivia.app/TicTacTrivia";
			};
			name = Debug;
		};
		2F946D59206BB5DF00D5DBE6 /* Release */ = {
			isa = XCBuildConfiguration;
			buildSettings = {
				ALWAYS_EMBED_SWIFT_STANDARD_LIBRARIES = YES;
				BUNDLE_LOADER = "$(TEST_HOST)";
				CODE_SIGN_STYLE = Automatic;
				INFOPLIST_FILE = TicTacTriviaTests/Info.plist;
				LD_RUNPATH_SEARCH_PATHS = "$(inherited) @executable_path/Frameworks @loader_path/Frameworks";
				PRODUCT_BUNDLE_IDENTIFIER = com.Nijo.TicTacTriviaTests;
				PRODUCT_NAME = "$(TARGET_NAME)";
				SWIFT_VERSION = 4.0;
				TARGETED_DEVICE_FAMILY = "1,2";
				TEST_HOST = "$(BUILT_PRODUCTS_DIR)/TicTacTrivia.app/TicTacTrivia";
			};
			name = Release;
		};
		2F946D5B206BB5DF00D5DBE6 /* Debug */ = {
			isa = XCBuildConfiguration;
			buildSettings = {
				ALWAYS_EMBED_SWIFT_STANDARD_LIBRARIES = YES;
				CODE_SIGN_STYLE = Automatic;
				INFOPLIST_FILE = TicTacTriviaUITests/Info.plist;
				LD_RUNPATH_SEARCH_PATHS = "$(inherited) @executable_path/Frameworks @loader_path/Frameworks";
				PRODUCT_BUNDLE_IDENTIFIER = com.Nijo.TicTacTriviaUITests;
				PRODUCT_NAME = "$(TARGET_NAME)";
				SWIFT_VERSION = 4.0;
				TARGETED_DEVICE_FAMILY = "1,2";
				TEST_TARGET_NAME = TicTacTrivia;
			};
			name = Debug;
		};
		2F946D5C206BB5DF00D5DBE6 /* Release */ = {
			isa = XCBuildConfiguration;
			buildSettings = {
				ALWAYS_EMBED_SWIFT_STANDARD_LIBRARIES = YES;
				CODE_SIGN_STYLE = Automatic;
				INFOPLIST_FILE = TicTacTriviaUITests/Info.plist;
				LD_RUNPATH_SEARCH_PATHS = "$(inherited) @executable_path/Frameworks @loader_path/Frameworks";
				PRODUCT_BUNDLE_IDENTIFIER = com.Nijo.TicTacTriviaUITests;
				PRODUCT_NAME = "$(TARGET_NAME)";
				SWIFT_VERSION = 4.0;
				TARGETED_DEVICE_FAMILY = "1,2";
				TEST_TARGET_NAME = TicTacTrivia;
			};
			name = Release;
		};
/* End XCBuildConfiguration section */

/* Begin XCConfigurationList section */
		2F946D27206BB5DF00D5DBE6 /* Build configuration list for PBXProject "TicTacTrivia" */ = {
			isa = XCConfigurationList;
			buildConfigurations = (
				2F946D52206BB5DF00D5DBE6 /* Debug */,
				2F946D53206BB5DF00D5DBE6 /* Release */,
			);
			defaultConfigurationIsVisible = 0;
			defaultConfigurationName = Release;
		};
		2F946D54206BB5DF00D5DBE6 /* Build configuration list for PBXNativeTarget "TicTacTrivia" */ = {
			isa = XCConfigurationList;
			buildConfigurations = (
				2F946D55206BB5DF00D5DBE6 /* Debug */,
				2F946D56206BB5DF00D5DBE6 /* Release */,
			);
			defaultConfigurationIsVisible = 0;
			defaultConfigurationName = Release;
		};
		2F946D57206BB5DF00D5DBE6 /* Build configuration list for PBXNativeTarget "TicTacTriviaTests" */ = {
			isa = XCConfigurationList;
			buildConfigurations = (
				2F946D58206BB5DF00D5DBE6 /* Debug */,
				2F946D59206BB5DF00D5DBE6 /* Release */,
			);
			defaultConfigurationIsVisible = 0;
			defaultConfigurationName = Release;
		};
		2F946D5A206BB5DF00D5DBE6 /* Build configuration list for PBXNativeTarget "TicTacTriviaUITests" */ = {
			isa = XCConfigurationList;
			buildConfigurations = (
				2F946D5B206BB5DF00D5DBE6 /* Debug */,
				2F946D5C206BB5DF00D5DBE6 /* Release */,
			);
			defaultConfigurationIsVisible = 0;
			defaultConfigurationName = Release;
		};
/* End XCConfigurationList section */
	};
	rootObject = 2F946D24206BB5DF00D5DBE6 /* Project object */;
}
